// !$*UTF8*$!
{
	archiveVersion = 1;
	classes = {
	};
	objectVersion = 50;
	objects = {

/* Begin PBXBuildFile section */
		520BDE3F2535490F00AFAE77 /* KWLazyPresent.h in Headers */ = {isa = PBXBuildFile; fileRef = 520BDE3D2535490F00AFAE77 /* KWLazyPresent.h */; settings = {ATTRIBUTES = (Public, ); }; };
		520BDE482535499B00AFAE77 /* UIViewController+KWLazyPresent.h in Headers */ = {isa = PBXBuildFile; fileRef = 520BDE462535499B00AFAE77 /* UIViewController+KWLazyPresent.h */; };
		520BDE492535499B00AFAE77 /* UIViewController+KWLazyPresent.m in Sources */ = {isa = PBXBuildFile; fileRef = 520BDE472535499B00AFAE77 /* UIViewController+KWLazyPresent.m */; };
		520BDE4D25354A4100AFAE77 /* KWWindow.h in Headers */ = {isa = PBXBuildFile; fileRef = 520BDE4B25354A4100AFAE77 /* KWWindow.h */; };
		520BDE4E25354A4100AFAE77 /* KWWindow.m in Sources */ = {isa = PBXBuildFile; fileRef = 520BDE4C25354A4100AFAE77 /* KWWindow.m */; };
		520BDE5225354A7B00AFAE77 /* KWPassthroughView.h in Headers */ = {isa = PBXBuildFile; fileRef = 520BDE5025354A7B00AFAE77 /* KWPassthroughView.h */; };
		520BDE5325354A7B00AFAE77 /* KWPassthroughView.m in Sources */ = {isa = PBXBuildFile; fileRef = 520BDE5125354A7B00AFAE77 /* KWPassthroughView.m */; };
		520BDE5925354B9400AFAE77 /* Localizable.strings in Resources */ = {isa = PBXBuildFile; fileRef = 520BDE5B25354B9400AFAE77 /* Localizable.strings */; };
/* End PBXBuildFile section */

/* Begin PBXFileReference section */
		520BDE3A2535490F00AFAE77 /* KWLazyPresent.framework */ = {isa = PBXFileReference; explicitFileType = wrapper.framework; includeInIndex = 0; path = KWLazyPresent.framework; sourceTree = BUILT_PRODUCTS_DIR; };
		520BDE3D2535490F00AFAE77 /* KWLazyPresent.h */ = {isa = PBXFileReference; lastKnownFileType = sourcecode.c.h; path = KWLazyPresent.h; sourceTree = "<group>"; };
		520BDE3E2535490F00AFAE77 /* Info.plist */ = {isa = PBXFileReference; lastKnownFileType = text.plist.xml; path = Info.plist; sourceTree = "<group>"; };
		520BDE462535499B00AFAE77 /* UIViewController+KWLazyPresent.h */ = {isa = PBXFileReference; lastKnownFileType = sourcecode.c.h; path = "UIViewController+KWLazyPresent.h"; sourceTree = "<group>"; };
		520BDE472535499B00AFAE77 /* UIViewController+KWLazyPresent.m */ = {isa = PBXFileReference; lastKnownFileType = sourcecode.c.objc; path = "UIViewController+KWLazyPresent.m"; sourceTree = "<group>"; };
		520BDE4B25354A4100AFAE77 /* KWWindow.h */ = {isa = PBXFileReference; lastKnownFileType = sourcecode.c.h; path = KWWindow.h; sourceTree = "<group>"; };
		520BDE4C25354A4100AFAE77 /* KWWindow.m */ = {isa = PBXFileReference; lastKnownFileType = sourcecode.c.objc; path = KWWindow.m; sourceTree = "<group>"; };
		520BDE5025354A7B00AFAE77 /* KWPassthroughView.h */ = {isa = PBXFileReference; lastKnownFileType = sourcecode.c.h; path = KWPassthroughView.h; sourceTree = "<group>"; };
		520BDE5125354A7B00AFAE77 /* KWPassthroughView.m */ = {isa = PBXFileReference; lastKnownFileType = sourcecode.c.objc; path = KWPassthroughView.m; sourceTree = "<group>"; };
		520BDE5A25354B9400AFAE77 /* en */ = {isa = PBXFileReference; lastKnownFileType = text.plist.strings; name = en; path = en.lproj/Localizable.strings; sourceTree = "<group>"; };
		520BDE5D25354B9600AFAE77 /* zh-Hans */ = {isa = PBXFileReference; lastKnownFileType = text.plist.strings; name = "zh-Hans"; path = "zh-Hans.lproj/Localizable.strings"; sourceTree = "<group>"; };
		520BDE5F25354B9700AFAE77 /* zh-Hant */ = {isa = PBXFileReference; lastKnownFileType = text.plist.strings; name = "zh-Hant"; path = "zh-Hant.lproj/Localizable.strings"; sourceTree = "<group>"; };
/* End PBXFileReference section */

/* Begin PBXFrameworksBuildPhase section */
		520BDE372535490F00AFAE77 /* Frameworks */ = {
			isa = PBXFrameworksBuildPhase;
			buildActionMask = 2147483647;
			files = (
			);
			runOnlyForDeploymentPostprocessing = 0;
		};
/* End PBXFrameworksBuildPhase section */

/* Begin PBXGroup section */
		520BDE302535490F00AFAE77 = {
			isa = PBXGroup;
			children = (
				520BDE3C2535490F00AFAE77 /* KWLazyPresent */,
				520BDE3B2535490F00AFAE77 /* Products */,
			);
			sourceTree = "<group>";
		};
		520BDE3B2535490F00AFAE77 /* Products */ = {
			isa = PBXGroup;
			children = (
				520BDE3A2535490F00AFAE77 /* KWLazyPresent.framework */,
			);
			name = Products;
			sourceTree = "<group>";
		};
		520BDE3C2535490F00AFAE77 /* KWLazyPresent */ = {
			isa = PBXGroup;
			children = (
				520BDE3D2535490F00AFAE77 /* KWLazyPresent.h */,
				520BDE3E2535490F00AFAE77 /* Info.plist */,
				520BDE462535499B00AFAE77 /* UIViewController+KWLazyPresent.h */,
				520BDE472535499B00AFAE77 /* UIViewController+KWLazyPresent.m */,
				520BDE4B25354A4100AFAE77 /* KWWindow.h */,
				520BDE4C25354A4100AFAE77 /* KWWindow.m */,
				520BDE5025354A7B00AFAE77 /* KWPassthroughView.h */,
				520BDE5125354A7B00AFAE77 /* KWPassthroughView.m */,
				520BDE5B25354B9400AFAE77 /* Localizable.strings */,
			);
			path = KWLazyPresent;
			sourceTree = "<group>";
		};
/* End PBXGroup section */

/* Begin PBXHeadersBuildPhase section */
		520BDE352535490F00AFAE77 /* Headers */ = {
			isa = PBXHeadersBuildPhase;
			buildActionMask = 2147483647;
			files = (
				520BDE482535499B00AFAE77 /* UIViewController+KWLazyPresent.h in Headers */,
				520BDE3F2535490F00AFAE77 /* KWLazyPresent.h in Headers */,
				520BDE5225354A7B00AFAE77 /* KWPassthroughView.h in Headers */,
				520BDE4D25354A4100AFAE77 /* KWWindow.h in Headers */,
			);
			runOnlyForDeploymentPostprocessing = 0;
		};
/* End PBXHeadersBuildPhase section */

/* Begin PBXNativeTarget section */
		520BDE392535490F00AFAE77 /* KWLazyPresent */ = {
			isa = PBXNativeTarget;
			buildConfigurationList = 520BDE422535490F00AFAE77 /* Build configuration list for PBXNativeTarget "KWLazyPresent" */;
			buildPhases = (
				520BDE352535490F00AFAE77 /* Headers */,
				520BDE362535490F00AFAE77 /* Sources */,
				520BDE372535490F00AFAE77 /* Frameworks */,
				520BDE382535490F00AFAE77 /* Resources */,
			);
			buildRules = (
			);
			dependencies = (
			);
			name = KWLazyPresent;
			productName = KWLazyPresent;
			productReference = 520BDE3A2535490F00AFAE77 /* KWLazyPresent.framework */;
			productType = "com.apple.product-type.framework";
		};
/* End PBXNativeTarget section */

/* Begin PBXProject section */
		520BDE312535490F00AFAE77 /* Project object */ = {
			isa = PBXProject;
			attributes = {
				LastUpgradeCheck = 1200;
				TargetAttributes = {
					520BDE392535490F00AFAE77 = {
						CreatedOnToolsVersion = 12.0.1;
					};
				};
			};
			buildConfigurationList = 520BDE342535490F00AFAE77 /* Build configuration list for PBXProject "KWLazyPresent" */;
			compatibilityVersion = "Xcode 9.3";
			developmentRegion = en;
			hasScannedForEncodings = 0;
			knownRegions = (
				en,
				Base,
				"zh-Hant",
				"zh-Hans",
			);
			mainGroup = 520BDE302535490F00AFAE77;
			productRefGroup = 520BDE3B2535490F00AFAE77 /* Products */;
			projectDirPath = "";
			projectRoot = "";
			targets = (
				520BDE392535490F00AFAE77 /* KWLazyPresent */,
			);
		};
/* End PBXProject section */

/* Begin PBXResourcesBuildPhase section */
		520BDE382535490F00AFAE77 /* Resources */ = {
			isa = PBXResourcesBuildPhase;
			buildActionMask = 2147483647;
			files = (
				520BDE5925354B9400AFAE77 /* Localizable.strings in Resources */,
			);
			runOnlyForDeploymentPostprocessing = 0;
		};
/* End PBXResourcesBuildPhase section */

/* Begin PBXSourcesBuildPhase section */
		520BDE362535490F00AFAE77 /* Sources */ = {
			isa = PBXSourcesBuildPhase;
			buildActionMask = 2147483647;
			files = (
				520BDE492535499B00AFAE77 /* UIViewController+KWLazyPresent.m in Sources */,
				520BDE5325354A7B00AFAE77 /* KWPassthroughView.m in Sources */,
				520BDE4E25354A4100AFAE77 /* KWWindow.m in Sources */,
			);
			runOnlyForDeploymentPostprocessing = 0;
		};
/* End PBXSourcesBuildPhase section */

/* Begin PBXVariantGroup section */
		520BDE5B25354B9400AFAE77 /* Localizable.strings */ = {
			isa = PBXVariantGroup;
			children = (
				520BDE5A25354B9400AFAE77 /* en */,
				520BDE5D25354B9600AFAE77 /* zh-Hans */,
				520BDE5F25354B9700AFAE77 /* zh-Hant */,
			);
			name = Localizable.strings;
			sourceTree = "<group>";
		};
/* End PBXVariantGroup section */

/* Begin XCBuildConfiguration section */
		520BDE402535490F00AFAE77 /* Debug */ = {
			isa = XCBuildConfiguration;
			buildSettings = {
				ALWAYS_SEARCH_USER_PATHS = NO;
				CLANG_ANALYZER_NONNULL = YES;
				CLANG_ANALYZER_NUMBER_OBJECT_CONVERSION = YES_AGGRESSIVE;
				CLANG_CXX_LANGUAGE_STANDARD = "gnu++14";
				CLANG_CXX_LIBRARY = "libc++";
				CLANG_ENABLE_MODULES = YES;
				CLANG_ENABLE_OBJC_ARC = YES;
				CLANG_ENABLE_OBJC_WEAK = YES;
				CLANG_WARN_BLOCK_CAPTURE_AUTORELEASING = YES;
				CLANG_WARN_BOOL_CONVERSION = YES;
				CLANG_WARN_COMMA = YES;
				CLANG_WARN_CONSTANT_CONVERSION = YES;
				CLANG_WARN_DEPRECATED_OBJC_IMPLEMENTATIONS = YES;
				CLANG_WARN_DIRECT_OBJC_ISA_USAGE = YES_ERROR;
				CLANG_WARN_DOCUMENTATION_COMMENTS = YES;
				CLANG_WARN_EMPTY_BODY = YES;
				CLANG_WARN_ENUM_CONVERSION = YES;
				CLANG_WARN_INFINITE_RECURSION = YES;
				CLANG_WARN_INT_CONVERSION = YES;
				CLANG_WARN_NON_LITERAL_NULL_CONVERSION = YES;
				CLANG_WARN_OBJC_IMPLICIT_RETAIN_SELF = YES;
				CLANG_WARN_OBJC_LITERAL_CONVERSION = YES;
				CLANG_WARN_OBJC_ROOT_CLASS = YES_ERROR;
				CLANG_WARN_QUOTED_INCLUDE_IN_FRAMEWORK_HEADER = YES;
				CLANG_WARN_RANGE_LOOP_ANALYSIS = YES;
				CLANG_WARN_STRICT_PROTOTYPES = YES;
				CLANG_WARN_SUSPICIOUS_MOVE = YES;
				CLANG_WARN_UNGUARDED_AVAILABILITY = YES_AGGRESSIVE;
				CLANG_WARN_UNREACHABLE_CODE = YES;
				CLANG_WARN__DUPLICATE_METHOD_MATCH = YES;
				COPY_PHASE_STRIP = NO;
				CURRENT_PROJECT_VERSION = 1;
				DEBUG_INFORMATION_FORMAT = dwarf;
				ENABLE_STRICT_OBJC_MSGSEND = YES;
				ENABLE_TESTABILITY = YES;
				GCC_C_LANGUAGE_STANDARD = gnu11;
				GCC_DYNAMIC_NO_PIC = NO;
				GCC_NO_COMMON_BLOCKS = YES;
				GCC_OPTIMIZATION_LEVEL = 0;
				GCC_PREPROCESSOR_DEFINITIONS = (
					"DEBUG=1",
					"$(inherited)",
				);
				GCC_WARN_64_TO_32_BIT_CONVERSION = YES;
				GCC_WARN_ABOUT_RETURN_TYPE = YES_ERROR;
				GCC_WARN_UNDECLARED_SELECTOR = YES;
				GCC_WARN_UNINITIALIZED_AUTOS = YES_AGGRESSIVE;
				GCC_WARN_UNUSED_FUNCTION = YES;
				GCC_WARN_UNUSED_VARIABLE = YES;
				IPHONEOS_DEPLOYMENT_TARGET = 9.0;
				MTL_ENABLE_DEBUG_INFO = INCLUDE_SOURCE;
				MTL_FAST_MATH = YES;
				ONLY_ACTIVE_ARCH = YES;
				SDKROOT = iphoneos;
				VERSIONING_SYSTEM = "apple-generic";
				VERSION_INFO_PREFIX = "";
			};
			name = Debug;
		};
		520BDE412535490F00AFAE77 /* Release */ = {
			isa = XCBuildConfiguration;
			buildSettings = {
				ALWAYS_SEARCH_USER_PATHS = NO;
				CLANG_ANALYZER_NONNULL = YES;
				CLANG_ANALYZER_NUMBER_OBJECT_CONVERSION = YES_AGGRESSIVE;
				CLANG_CXX_LANGUAGE_STANDARD = "gnu++14";
				CLANG_CXX_LIBRARY = "libc++";
				CLANG_ENABLE_MODULES = YES;
				CLANG_ENABLE_OBJC_ARC = YES;
				CLANG_ENABLE_OBJC_WEAK = YES;
				CLANG_WARN_BLOCK_CAPTURE_AUTORELEASING = YES;
				CLANG_WARN_BOOL_CONVERSION = YES;
				CLANG_WARN_COMMA = YES;
				CLANG_WARN_CONSTANT_CONVERSION = YES;
				CLANG_WARN_DEPRECATED_OBJC_IMPLEMENTATIONS = YES;
				CLANG_WARN_DIRECT_OBJC_ISA_USAGE = YES_ERROR;
				CLANG_WARN_DOCUMENTATION_COMMENTS = YES;
				CLANG_WARN_EMPTY_BODY = YES;
				CLANG_WARN_ENUM_CONVERSION = YES;
				CLANG_WARN_INFINITE_RECURSION = YES;
				CLANG_WARN_INT_CONVERSION = YES;
				CLANG_WARN_NON_LITERAL_NULL_CONVERSION = YES;
				CLANG_WARN_OBJC_IMPLICIT_RETAIN_SELF = YES;
				CLANG_WARN_OBJC_LITERAL_CONVERSION = YES;
				CLANG_WARN_OBJC_ROOT_CLASS = YES_ERROR;
				CLANG_WARN_QUOTED_INCLUDE_IN_FRAMEWORK_HEADER = YES;
				CLANG_WARN_RANGE_LOOP_ANALYSIS = YES;
				CLANG_WARN_STRICT_PROTOTYPES = YES;
				CLANG_WARN_SUSPICIOUS_MOVE = YES;
				CLANG_WARN_UNGUARDED_AVAILABILITY = YES_AGGRESSIVE;
				CLANG_WARN_UNREACHABLE_CODE = YES;
				CLANG_WARN__DUPLICATE_METHOD_MATCH = YES;
				COPY_PHASE_STRIP = NO;
				CURRENT_PROJECT_VERSION = 1;
				DEBUG_INFORMATION_FORMAT = "dwarf-with-dsym";
				ENABLE_NS_ASSERTIONS = NO;
				ENABLE_STRICT_OBJC_MSGSEND = YES;
				GCC_C_LANGUAGE_STANDARD = gnu11;
				GCC_NO_COMMON_BLOCKS = YES;
				GCC_WARN_64_TO_32_BIT_CONVERSION = YES;
				GCC_WARN_ABOUT_RETURN_TYPE = YES_ERROR;
				GCC_WARN_UNDECLARED_SELECTOR = YES;
				GCC_WARN_UNINITIALIZED_AUTOS = YES_AGGRESSIVE;
				GCC_WARN_UNUSED_FUNCTION = YES;
				GCC_WARN_UNUSED_VARIABLE = YES;
				IPHONEOS_DEPLOYMENT_TARGET = 9.0;
				MTL_ENABLE_DEBUG_INFO = NO;
				MTL_FAST_MATH = YES;
				SDKROOT = iphoneos;
				VALIDATE_PRODUCT = YES;
				VERSIONING_SYSTEM = "apple-generic";
				VERSION_INFO_PREFIX = "";
			};
			name = Release;
		};
		520BDE432535490F00AFAE77 /* Debug */ = {
			isa = XCBuildConfiguration;
			buildSettings = {
				CODE_SIGN_STYLE = Automatic;
				DEFINES_MODULE = YES;
				DEVELOPMENT_TEAM = 959KPZT2WX;
				DYLIB_COMPATIBILITY_VERSION = 1;
				DYLIB_CURRENT_VERSION = 1;
				DYLIB_INSTALL_NAME_BASE = "@rpath";
				INFOPLIST_FILE = KWLazyPresent/Info.plist;
				INSTALL_PATH = "$(LOCAL_LIBRARY_DIR)/Frameworks";
				LD_RUNPATH_SEARCH_PATHS = (
					"$(inherited)",
					"@executable_path/Frameworks",
					"@loader_path/Frameworks",
				);
				MARKETING_VERSION = 1.0.7;
				PRODUCT_BUNDLE_IDENTIFIER = com.kawastudio.KWLazyPresent;
				PRODUCT_NAME = "$(TARGET_NAME:c99extidentifier)";
				SKIP_INSTALL = YES;
				SUPPORTS_MACCATALYST = NO;
				TARGETED_DEVICE_FAMILY = "1,2";
			};
			name = Debug;
		};
		520BDE442535490F00AFAE77 /* Release */ = {
			isa = XCBuildConfiguration;
			buildSettings = {
				CODE_SIGN_STYLE = Automatic;
				DEFINES_MODULE = YES;
				DEVELOPMENT_TEAM = 959KPZT2WX;
				DYLIB_COMPATIBILITY_VERSION = 1;
				DYLIB_CURRENT_VERSION = 1;
				DYLIB_INSTALL_NAME_BASE = "@rpath";
				INFOPLIST_FILE = KWLazyPresent/Info.plist;
				INSTALL_PATH = "$(LOCAL_LIBRARY_DIR)/Frameworks";
				LD_RUNPATH_SEARCH_PATHS = (
					"$(inherited)",
					"@executable_path/Frameworks",
					"@loader_path/Frameworks",
				);
				MARKETING_VERSION = 1.0.7;
				PRODUCT_BUNDLE_IDENTIFIER = com.kawastudio.KWLazyPresent;
				PRODUCT_NAME = "$(TARGET_NAME:c99extidentifier)";
				SKIP_INSTALL = YES;
				SUPPORTS_MACCATALYST = NO;
				TARGETED_DEVICE_FAMILY = "1,2";
			};
			name = Release;
		};
/* End XCBuildConfiguration section */

/* Begin XCConfigurationList section */
		520BDE342535490F00AFAE77 /* Build configuration list for PBXProject "KWLazyPresent" */ = {
			isa = XCConfigurationList;
			buildConfigurations = (
				520BDE402535490F00AFAE77 /* Debug */,
				520BDE412535490F00AFAE77 /* Release */,
			);
			defaultConfigurationIsVisible = 0;
			defaultConfigurationName = Release;
		};
		520BDE422535490F00AFAE77 /* Build configuration list for PBXNativeTarget "KWLazyPresent" */ = {
			isa = XCConfigurationList;
			buildConfigurations = (
				520BDE432535490F00AFAE77 /* Debug */,
				520BDE442535490F00AFAE77 /* Release */,
			);
			defaultConfigurationIsVisible = 0;
			defaultConfigurationName = Release;
		};
/* End XCConfigurationList section */
	};
	rootObject = 520BDE312535490F00AFAE77 /* Project object */;
}
