// !$*UTF8*$!
{
	archiveVersion = 1;
	classes = {
	};
	objectVersion = 50;
	objects = {

/* Begin PBXBuildFile section */
		528D236E253D598400F7BE8E /* AppDelegate.m in Sources */ = {isa = PBXBuildFile; fileRef = 528D236D253D598400F7BE8E /* AppDelegate.m */; };
		528D2371253D598400F7BE8E /* SceneDelegate.m in Sources */ = {isa = PBXBuildFile; fileRef = 528D2370253D598400F7BE8E /* SceneDelegate.m */; };
		528D2374253D598400F7BE8E /* ViewController.m in Sources */ = {isa = PBXBuildFile; fileRef = 528D2373253D598400F7BE8E /* ViewController.m */; };
		528D2377253D598400F7BE8E /* Main.storyboard in Resources */ = {isa = PBXBuildFile; fileRef = 528D2375253D598400F7BE8E /* Main.storyboard */; };
		528D2379253D598500F7BE8E /* Assets.xcassets in Resources */ = {isa = PBXBuildFile; fileRef = 528D2378253D598500F7BE8E /* Assets.xcassets */; };
		528D237C253D598500F7BE8E /* LaunchScreen.storyboard in Resources */ = {isa = PBXBuildFile; fileRef = 528D237A253D598500F7BE8E /* LaunchScreen.storyboard */; };
		528D237F253D598500F7BE8E /* main.m in Sources */ = {isa = PBXBuildFile; fileRef = 528D237E253D598500F7BE8E /* main.m */; };
		528D239F253D599700F7BE8E /* KWLazyPresent.framework in Frameworks */ = {isa = PBXBuildFile; fileRef = 528D239C253D599300F7BE8E /* KWLazyPresent.framework */; };
		528D23A0253D599700F7BE8E /* KWLazyPresent.framework in Embed Frameworks */ = {isa = PBXBuildFile; fileRef = 528D239C253D599300F7BE8E /* KWLazyPresent.framework */; settings = {ATTRIBUTES = (CodeSignOnCopy, RemoveHeadersOnCopy, ); }; };
		528D23A7253D59E600F7BE8E /* NotificationViewController.m in Sources */ = {isa = PBXBuildFile; fileRef = 528D23A6253D59E600F7BE8E /* NotificationViewController.m */; };
/* End PBXBuildFile section */

/* Begin PBXContainerItemProxy section */
		528D239B253D599300F7BE8E /* PBXContainerItemProxy */ = {
			isa = PBXContainerItemProxy;
			containerPortal = 528D2397253D599300F7BE8E /* KWLazyPresent.xcodeproj */;
			proxyType = 2;
			remoteGlobalIDString = 520BDE3A2535490F00AFAE77;
			remoteInfo = KWLazyPresent;
		};
/* End PBXContainerItemProxy section */

/* Begin PBXCopyFilesBuildPhase section */
		528D23A1253D599700F7BE8E /* Embed Frameworks */ = {
			isa = PBXCopyFilesBuildPhase;
			buildActionMask = 2147483647;
			dstPath = "";
			dstSubfolderSpec = 10;
			files = (
				528D23A0253D599700F7BE8E /* KWLazyPresent.framework in Embed Frameworks */,
			);
			name = "Embed Frameworks";
			runOnlyForDeploymentPostprocessing = 0;
		};
/* End PBXCopyFilesBuildPhase section */

/* Begin PBXFileReference section */
		528D2369253D598400F7BE8E /* KWLazyPresentExample.app */ = {isa = PBXFileReference; explicitFileType = wrapper.application; includeInIndex = 0; path = KWLazyPresentExample.app; sourceTree = BUILT_PRODUCTS_DIR; };
		528D236C253D598400F7BE8E /* AppDelegate.h */ = {isa = PBXFileReference; lastKnownFileType = sourcecode.c.h; path = AppDelegate.h; sourceTree = "<group>"; };
		528D236D253D598400F7BE8E /* AppDelegate.m */ = {isa = PBXFileReference; lastKnownFileType = sourcecode.c.objc; path = AppDelegate.m; sourceTree = "<group>"; };
		528D236F253D598400F7BE8E /* SceneDelegate.h */ = {isa = PBXFileReference; lastKnownFileType = sourcecode.c.h; path = SceneDelegate.h; sourceTree = "<group>"; };
		528D2370253D598400F7BE8E /* SceneDelegate.m */ = {isa = PBXFileReference; lastKnownFileType = sourcecode.c.objc; path = SceneDelegate.m; sourceTree = "<group>"; };
		528D2372253D598400F7BE8E /* ViewController.h */ = {isa = PBXFileReference; lastKnownFileType = sourcecode.c.h; path = ViewController.h; sourceTree = "<group>"; };
		528D2373253D598400F7BE8E /* ViewController.m */ = {isa = PBXFileReference; lastKnownFileType = sourcecode.c.objc; path = ViewController.m; sourceTree = "<group>"; };
		528D2376253D598400F7BE8E /* Base */ = {isa = PBXFileReference; lastKnownFileType = file.storyboard; name = Base; path = Base.lproj/Main.storyboard; sourceTree = "<group>"; };
		528D2378253D598500F7BE8E /* Assets.xcassets */ = {isa = PBXFileReference; lastKnownFileType = folder.assetcatalog; path = Assets.xcassets; sourceTree = "<group>"; };
		528D237B253D598500F7BE8E /* Base */ = {isa = PBXFileReference; lastKnownFileType = file.storyboard; name = Base; path = Base.lproj/LaunchScreen.storyboard; sourceTree = "<group>"; };
		528D237D253D598500F7BE8E /* Info.plist */ = {isa = PBXFileReference; lastKnownFileType = text.plist.xml; path = Info.plist; sourceTree = "<group>"; };
		528D237E253D598500F7BE8E /* main.m */ = {isa = PBXFileReference; lastKnownFileType = sourcecode.c.objc; path = main.m; sourceTree = "<group>"; };
		528D2388253D599300F7BE8E /* KWLazyPresent.podspec */ = {isa = PBXFileReference; lastKnownFileType = text; path = KWLazyPresent.podspec; sourceTree = "<group>"; };
		528D238B253D599300F7BE8E /* zh-Hans */ = {isa = PBXFileReference; lastKnownFileType = text.plist.strings; name = "zh-Hans"; path = "zh-Hans.lproj/Localizable.strings"; sourceTree = "<group>"; };
		528D238C253D599300F7BE8E /* en */ = {isa = PBXFileReference; lastKnownFileType = text.plist.strings; name = en; path = en.lproj/Localizable.strings; sourceTree = "<group>"; };
		528D238D253D599300F7BE8E /* KWPassthroughView.h */ = {isa = PBXFileReference; lastKnownFileType = sourcecode.c.h; path = KWPassthroughView.h; sourceTree = "<group>"; };
		528D238E253D599300F7BE8E /* UIViewController+KWLazyPresent.h */ = {isa = PBXFileReference; lastKnownFileType = sourcecode.c.h; path = "UIViewController+KWLazyPresent.h"; sourceTree = "<group>"; };
		528D238F253D599300F7BE8E /* KWWindow.h */ = {isa = PBXFileReference; lastKnownFileType = sourcecode.c.h; path = KWWindow.h; sourceTree = "<group>"; };
		528D2390253D599300F7BE8E /* zh-Hant */ = {isa = PBXFileReference; lastKnownFileType = text.plist.strings; name = "zh-Hant"; path = "zh-Hant.lproj/Localizable.strings"; sourceTree = "<group>"; };
		528D2391253D599300F7BE8E /* KWPassthroughView.m */ = {isa = PBXFileReference; lastKnownFileType = sourcecode.c.objc; path = KWPassthroughView.m; sourceTree = "<group>"; };
		528D2392253D599300F7BE8E /* KWLazyPresent.h */ = {isa = PBXFileReference; lastKnownFileType = sourcecode.c.h; path = KWLazyPresent.h; sourceTree = "<group>"; };
		528D2393253D599300F7BE8E /* KWWindow.m */ = {isa = PBXFileReference; lastKnownFileType = sourcecode.c.objc; path = KWWindow.m; sourceTree = "<group>"; };
		528D2394253D599300F7BE8E /* UIViewController+KWLazyPresent.m */ = {isa = PBXFileReference; lastKnownFileType = sourcecode.c.objc; path = "UIViewController+KWLazyPresent.m"; sourceTree = "<group>"; };
		528D2395253D599300F7BE8E /* Info.plist */ = {isa = PBXFileReference; lastKnownFileType = text.plist.xml; path = Info.plist; sourceTree = "<group>"; };
		528D2396253D599300F7BE8E /* Podfile */ = {isa = PBXFileReference; lastKnownFileType = text; path = Podfile; sourceTree = "<group>"; };
		528D2397253D599300F7BE8E /* KWLazyPresent.xcodeproj */ = {isa = PBXFileReference; lastKnownFileType = "wrapper.pb-project"; path = KWLazyPresent.xcodeproj; sourceTree = "<group>"; };
		528D23A5253D59E600F7BE8E /* NotificationViewController.h */ = {isa = PBXFileReference; lastKnownFileType = sourcecode.c.h; path = NotificationViewController.h; sourceTree = "<group>"; };
		528D23A6253D59E600F7BE8E /* NotificationViewController.m */ = {isa = PBXFileReference; lastKnownFileType = sourcecode.c.objc; path = NotificationViewController.m; sourceTree = "<group>"; };
/* End PBXFileReference section */

/* Begin PBXFrameworksBuildPhase section */
		528D2366253D598400F7BE8E /* Frameworks */ = {
			isa = PBXFrameworksBuildPhase;
			buildActionMask = 2147483647;
			files = (
				528D239F253D599700F7BE8E /* KWLazyPresent.framework in Frameworks */,
			);
			runOnlyForDeploymentPostprocessing = 0;
		};
/* End PBXFrameworksBuildPhase section */

/* Begin PBXGroup section */
		528D2360253D598400F7BE8E = {
			isa = PBXGroup;
			children = (
				528D236B253D598400F7BE8E /* KWLazyPresentExample */,
				528D236A253D598400F7BE8E /* Products */,
				528D2386253D599300F7BE8E /* Frameworks */,
			);
			sourceTree = "<group>";
		};
		528D236A253D598400F7BE8E /* Products */ = {
			isa = PBXGroup;
			children = (
				528D2369253D598400F7BE8E /* KWLazyPresentExample.app */,
			);
			name = Products;
			sourceTree = "<group>";
		};
		528D236B253D598400F7BE8E /* KWLazyPresentExample */ = {
			isa = PBXGroup;
			children = (
				528D236C253D598400F7BE8E /* AppDelegate.h */,
				528D236D253D598400F7BE8E /* AppDelegate.m */,
				528D236F253D598400F7BE8E /* SceneDelegate.h */,
				528D2370253D598400F7BE8E /* SceneDelegate.m */,
				528D2372253D598400F7BE8E /* ViewController.h */,
				528D2373253D598400F7BE8E /* ViewController.m */,
				528D23A5253D59E600F7BE8E /* NotificationViewController.h */,
				528D23A6253D59E600F7BE8E /* NotificationViewController.m */,
				528D2375253D598400F7BE8E /* Main.storyboard */,
				528D2378253D598500F7BE8E /* Assets.xcassets */,
				528D237A253D598500F7BE8E /* LaunchScreen.storyboard */,
				528D237D253D598500F7BE8E /* Info.plist */,
				528D237E253D598500F7BE8E /* main.m */,
			);
			path = KWLazyPresentExample;
			sourceTree = "<group>";
		};
		528D2386253D599300F7BE8E /* Frameworks */ = {
			isa = PBXGroup;
			children = (
				528D2387253D599300F7BE8E /* KWLazyPresent */,
			);
			name = Frameworks;
			sourceTree = "<group>";
		};
		528D2387253D599300F7BE8E /* KWLazyPresent */ = {
			isa = PBXGroup;
			children = (
				528D2388253D599300F7BE8E /* KWLazyPresent.podspec */,
				528D2389253D599300F7BE8E /* KWLazyPresent */,
				528D2396253D599300F7BE8E /* Podfile */,
				528D2397253D599300F7BE8E /* KWLazyPresent.xcodeproj */,
			);
			name = KWLazyPresent;
			path = ../KWLazyPresent;
			sourceTree = "<group>";
		};
		528D2389253D599300F7BE8E /* KWLazyPresent */ = {
			isa = PBXGroup;
			children = (
				528D2395253D599300F7BE8E /* Info.plist */,
				528D2392253D599300F7BE8E /* KWLazyPresent.h */,
				528D238D253D599300F7BE8E /* KWPassthroughView.h */,
				528D2391253D599300F7BE8E /* KWPassthroughView.m */,
				528D238E253D599300F7BE8E /* UIViewController+KWLazyPresent.h */,
				528D2394253D599300F7BE8E /* UIViewController+KWLazyPresent.m */,
				528D238F253D599300F7BE8E /* KWWindow.h */,
				528D2393253D599300F7BE8E /* KWWindow.m */,
				528D238A253D599300F7BE8E /* Localizable.strings */,
			);
			path = KWLazyPresent;
			sourceTree = "<group>";
		};
		528D2398253D599300F7BE8E /* Products */ = {
			isa = PBXGroup;
			children = (
				528D239C253D599300F7BE8E /* KWLazyPresent.framework */,
			);
			name = Products;
			sourceTree = "<group>";
		};
/* End PBXGroup section */

/* Begin PBXNativeTarget section */
		528D2368253D598400F7BE8E /* KWLazyPresentExample */ = {
			isa = PBXNativeTarget;
			buildConfigurationList = 528D2382253D598500F7BE8E /* Build configuration list for PBXNativeTarget "KWLazyPresentExample" */;
			buildPhases = (
				528D2365253D598400F7BE8E /* Sources */,
				528D2366253D598400F7BE8E /* Frameworks */,
				528D2367253D598400F7BE8E /* Resources */,
				528D23A1253D599700F7BE8E /* Embed Frameworks */,
			);
			buildRules = (
			);
			dependencies = (
			);
			name = KWLazyPresentExample;
			productName = KWLazyPresentExample;
			productReference = 528D2369253D598400F7BE8E /* KWLazyPresentExample.app */;
			productType = "com.apple.product-type.application";
		};
/* End PBXNativeTarget section */

/* Begin PBXProject section */
		528D2361253D598400F7BE8E /* Project object */ = {
			isa = PBXProject;
			attributes = {
				LastUpgradeCheck = 1200;
				TargetAttributes = {
					528D2368253D598400F7BE8E = {
						CreatedOnToolsVersion = 12.0.1;
					};
				};
			};
			buildConfigurationList = 528D2364253D598400F7BE8E /* Build configuration list for PBXProject "KWLazyPresentExample" */;
			compatibilityVersion = "Xcode 9.3";
			developmentRegion = en;
			hasScannedForEncodings = 0;
			knownRegions = (
				en,
				Base,
				"zh-Hans",
				"zh-Hant",
			);
			mainGroup = 528D2360253D598400F7BE8E;
			productRefGroup = 528D236A253D598400F7BE8E /* Products */;
			projectDirPath = "";
			projectReferences = (
				{
					ProductGroup = 528D2398253D599300F7BE8E /* Products */;
					ProjectRef = 528D2397253D599300F7BE8E /* KWLazyPresent.xcodeproj */;
				},
			);
			projectRoot = "";
			targets = (
				528D2368253D598400F7BE8E /* KWLazyPresentExample */,
			);
		};
/* End PBXProject section */

/* Begin PBXReferenceProxy section */
		528D239C253D599300F7BE8E /* KWLazyPresent.framework */ = {
			isa = PBXReferenceProxy;
			fileType = wrapper.framework;
			path = KWLazyPresent.framework;
			remoteRef = 528D239B253D599300F7BE8E /* PBXContainerItemProxy */;
			sourceTree = BUILT_PRODUCTS_DIR;
		};
/* End PBXReferenceProxy section */

/* Begin PBXResourcesBuildPhase section */
		528D2367253D598400F7BE8E /* Resources */ = {
			isa = PBXResourcesBuildPhase;
			buildActionMask = 2147483647;
			files = (
				528D237C253D598500F7BE8E /* LaunchScreen.storyboard in Resources */,
				528D2379253D598500F7BE8E /* Assets.xcassets in Resources */,
				528D2377253D598400F7BE8E /* Main.storyboard in Resources */,
			);
			runOnlyForDeploymentPostprocessing = 0;
		};
/* End PBXResourcesBuildPhase section */

/* Begin PBXSourcesBuildPhase section */
		528D2365253D598400F7BE8E /* Sources */ = {
			isa = PBXSourcesBuildPhase;
			buildActionMask = 2147483647;
			files = (
				528D2374253D598400F7BE8E /* ViewController.m in Sources */,
				528D236E253D598400F7BE8E /* AppDelegate.m in Sources */,
				528D237F253D598500F7BE8E /* main.m in Sources */,
				528D23A7253D59E600F7BE8E /* NotificationViewController.m in Sources */,
				528D2371253D598400F7BE8E /* SceneDelegate.m in Sources */,
			);
			runOnlyForDeploymentPostprocessing = 0;
		};
/* End PBXSourcesBuildPhase section */

/* Begin PBXVariantGroup section */
		528D2375253D598400F7BE8E /* Main.storyboard */ = {
			isa = PBXVariantGroup;
			children = (
				528D2376253D598400F7BE8E /* Base */,
			);
			name = Main.storyboard;
			sourceTree = "<group>";
		};
		528D237A253D598500F7BE8E /* LaunchScreen.storyboard */ = {
			isa = PBXVariantGroup;
			children = (
				528D237B253D598500F7BE8E /* Base */,
			);
			name = LaunchScreen.storyboard;
			sourceTree = "<group>";
		};
		528D238A253D599300F7BE8E /* Localizable.strings */ = {
			isa = PBXVariantGroup;
			children = (
				528D238B253D599300F7BE8E /* zh-Hans */,
				528D238C253D599300F7BE8E /* en */,
				528D2390253D599300F7BE8E /* zh-Hant */,
			);
			name = Localizable.strings;
			sourceTree = "<group>";
		};
/* End PBXVariantGroup section */

/* Begin XCBuildConfiguration section */
		528D2380253D598500F7BE8E /* Debug */ = {
			isa = XCBuildConfiguration;
			buildSettings = {
				ALWAYS_SEARCH_USER_PATHS = NO;
				CLANG_ANALYZER_NONNULL = YES;
				CLANG_ANALYZER_NUMBER_OBJECT_CONVERSION = YES_AGGRESSIVE;
				CLANG_CXX_LANGUAGE_STANDARD = "gnu++14";
				CLANG_CXX_LIBRARY = "libc++";
				CLANG_ENABLE_MODULES = YES;
				CLANG_ENABLE_OBJC_ARC = YES;
				CLANG_ENABLE_OBJC_WEAK = YES;
				CLANG_WARN_BLOCK_CAPTURE_AUTORELEASING = YES;
				CLANG_WARN_BOOL_CONVERSION = YES;
				CLANG_WARN_COMMA = YES;
				CLANG_WARN_CONSTANT_CONVERSION = YES;
				CLANG_WARN_DEPRECATED_OBJC_IMPLEMENTATIONS = YES;
				CLANG_WARN_DIRECT_OBJC_ISA_USAGE = YES_ERROR;
				CLANG_WARN_DOCUMENTATION_COMMENTS = YES;
				CLANG_WARN_EMPTY_BODY = YES;
				CLANG_WARN_ENUM_CONVERSION = YES;
				CLANG_WARN_INFINITE_RECURSION = YES;
				CLANG_WARN_INT_CONVERSION = YES;
				CLANG_WARN_NON_LITERAL_NULL_CONVERSION = YES;
				CLANG_WARN_OBJC_IMPLICIT_RETAIN_SELF = YES;
				CLANG_WARN_OBJC_LITERAL_CONVERSION = YES;
				CLANG_WARN_OBJC_ROOT_CLASS = YES_ERROR;
				CLANG_WARN_QUOTED_INCLUDE_IN_FRAMEWORK_HEADER = YES;
				CLANG_WARN_RANGE_LOOP_ANALYSIS = YES;
				CLANG_WARN_STRICT_PROTOTYPES = YES;
				CLANG_WARN_SUSPICIOUS_MOVE = YES;
				CLANG_WARN_UNGUARDED_AVAILABILITY = YES_AGGRESSIVE;
				CLANG_WARN_UNREACHABLE_CODE = YES;
				CLANG_WARN__DUPLICATE_METHOD_MATCH = YES;
				COPY_PHASE_STRIP = NO;
				DEBUG_INFORMATION_FORMAT = dwarf;
				ENABLE_STRICT_OBJC_MSGSEND = YES;
				ENABLE_TESTABILITY = YES;
				GCC_C_LANGUAGE_STANDARD = gnu11;
				GCC_DYNAMIC_NO_PIC = NO;
				GCC_NO_COMMON_BLOCKS = YES;
				GCC_OPTIMIZATION_LEVEL = 0;
				GCC_PREPROCESSOR_DEFINITIONS = (
					"DEBUG=1",
					"$(inherited)",
				);
				GCC_WARN_64_TO_32_BIT_CONVERSION = YES;
				GCC_WARN_ABOUT_RETURN_TYPE = YES_ERROR;
				GCC_WARN_UNDECLARED_SELECTOR = YES;
				GCC_WARN_UNINITIALIZED_AUTOS = YES_AGGRESSIVE;
				GCC_WARN_UNUSED_FUNCTION = YES;
				GCC_WARN_UNUSED_VARIABLE = YES;
				IPHONEOS_DEPLOYMENT_TARGET = 13.0;
				MTL_ENABLE_DEBUG_INFO = INCLUDE_SOURCE;
				MTL_FAST_MATH = YES;
				ONLY_ACTIVE_ARCH = YES;
				SDKROOT = iphoneos;
			};
			name = Debug;
		};
		528D2381253D598500F7BE8E /* Release */ = {
			isa = XCBuildConfiguration;
			buildSettings = {
				ALWAYS_SEARCH_USER_PATHS = NO;
				CLANG_ANALYZER_NONNULL = YES;
				CLANG_ANALYZER_NUMBER_OBJECT_CONVERSION = YES_AGGRESSIVE;
				CLANG_CXX_LANGUAGE_STANDARD = "gnu++14";
				CLANG_CXX_LIBRARY = "libc++";
				CLANG_ENABLE_MODULES = YES;
				CLANG_ENABLE_OBJC_ARC = YES;
				CLANG_ENABLE_OBJC_WEAK = YES;
				CLANG_WARN_BLOCK_CAPTURE_AUTORELEASING = YES;
				CLANG_WARN_BOOL_CONVERSION = YES;
				CLANG_WARN_COMMA = YES;
				CLANG_WARN_CONSTANT_CONVERSION = YES;
				CLANG_WARN_DEPRECATED_OBJC_IMPLEMENTATIONS = YES;
				CLANG_WARN_DIRECT_OBJC_ISA_USAGE = YES_ERROR;
				CLANG_WARN_DOCUMENTATION_COMMENTS = YES;
				CLANG_WARN_EMPTY_BODY = YES;
				CLANG_WARN_ENUM_CONVERSION = YES;
				CLANG_WARN_INFINITE_RECURSION = YES;
				CLANG_WARN_INT_CONVERSION = YES;
				CLANG_WARN_NON_LITERAL_NULL_CONVERSION = YES;
				CLANG_WARN_OBJC_IMPLICIT_RETAIN_SELF = YES;
				CLANG_WARN_OBJC_LITERAL_CONVERSION = YES;
				CLANG_WARN_OBJC_ROOT_CLASS = YES_ERROR;
				CLANG_WARN_QUOTED_INCLUDE_IN_FRAMEWORK_HEADER = YES;
				CLANG_WARN_RANGE_LOOP_ANALYSIS = YES;
				CLANG_WARN_STRICT_PROTOTYPES = YES;
				CLANG_WARN_SUSPICIOUS_MOVE = YES;
				CLANG_WARN_UNGUARDED_AVAILABILITY = YES_AGGRESSIVE;
				CLANG_WARN_UNREACHABLE_CODE = YES;
				CLANG_WARN__DUPLICATE_METHOD_MATCH = YES;
				COPY_PHASE_STRIP = NO;
				DEBUG_INFORMATION_FORMAT = "dwarf-with-dsym";
				ENABLE_NS_ASSERTIONS = NO;
				ENABLE_STRICT_OBJC_MSGSEND = YES;
				GCC_C_LANGUAGE_STANDARD = gnu11;
				GCC_NO_COMMON_BLOCKS = YES;
				GCC_WARN_64_TO_32_BIT_CONVERSION = YES;
				GCC_WARN_ABOUT_RETURN_TYPE = YES_ERROR;
				GCC_WARN_UNDECLARED_SELECTOR = YES;
				GCC_WARN_UNINITIALIZED_AUTOS = YES_AGGRESSIVE;
				GCC_WARN_UNUSED_FUNCTION = YES;
				GCC_WARN_UNUSED_VARIABLE = YES;
				IPHONEOS_DEPLOYMENT_TARGET = 13.0;
				MTL_ENABLE_DEBUG_INFO = NO;
				MTL_FAST_MATH = YES;
				SDKROOT = iphoneos;
				VALIDATE_PRODUCT = YES;
			};
			name = Release;
		};
		528D2383253D598500F7BE8E /* Debug */ = {
			isa = XCBuildConfiguration;
			buildSettings = {
				ASSETCATALOG_COMPILER_APPICON_NAME = AppIcon;
				ASSETCATALOG_COMPILER_GLOBAL_ACCENT_COLOR_NAME = AccentColor;
				CODE_SIGN_STYLE = Automatic;
				DEVELOPMENT_TEAM = 959KPZT2WX;
				INFOPLIST_FILE = KWLazyPresentExample/Info.plist;
				LD_RUNPATH_SEARCH_PATHS = (
					"$(inherited)",
					"@executable_path/Frameworks",
				);
				PRODUCT_BUNDLE_IDENTIFIER = com.kawastudio.KWLazyPresentExample;
				PRODUCT_NAME = "$(TARGET_NAME)";
				TARGETED_DEVICE_FAMILY = 1;
			};
			name = Debug;
		};
		528D2384253D598500F7BE8E /* Release */ = {
			isa = XCBuildConfiguration;
			buildSettings = {
				ASSETCATALOG_COMPILER_APPICON_NAME = AppIcon;
				ASSETCATALOG_COMPILER_GLOBAL_ACCENT_COLOR_NAME = AccentColor;
				CODE_SIGN_STYLE = Automatic;
				DEVELOPMENT_TEAM = 959KPZT2WX;
				INFOPLIST_FILE = KWLazyPresentExample/Info.plist;
				LD_RUNPATH_SEARCH_PATHS = (
					"$(inherited)",
					"@executable_path/Frameworks",
				);
				PRODUCT_BUNDLE_IDENTIFIER = com.kawastudio.KWLazyPresentExample;
				PRODUCT_NAME = "$(TARGET_NAME)";
				TARGETED_DEVICE_FAMILY = 1;
			};
			name = Release;
		};
/* End XCBuildConfiguration section */

/* Begin XCConfigurationList section */
		528D2364253D598400F7BE8E /* Build configuration list for PBXProject "KWLazyPresentExample" */ = {
			isa = XCConfigurationList;
			buildConfigurations = (
				528D2380253D598500F7BE8E /* Debug */,
				528D2381253D598500F7BE8E /* Release */,
			);
			defaultConfigurationIsVisible = 0;
			defaultConfigurationName = Release;
		};
		528D2382253D598500F7BE8E /* Build configuration list for PBXNativeTarget "KWLazyPresentExample" */ = {
			isa = XCConfigurationList;
			buildConfigurations = (
				528D2383253D598500F7BE8E /* Debug */,
				528D2384253D598500F7BE8E /* Release */,
			);
			defaultConfigurationIsVisible = 0;
			defaultConfigurationName = Release;
		};
/* End XCConfigurationList section */
	};
	rootObject = 528D2361253D598400F7BE8E /* Project object */;
}
